
Microsoft Visual Studio Solution File, Format Version 12.00
# Visual Studio Version 16
VisualStudioVersion = 16.0.31729.503
MinimumVisualStudioVersion = 10.0.40219.1
Project("{FAE04EC0-301F-11D3-BF4B-00C04F79EFBC}") = "SoloLearn", "SoloLearn.csproj", "{22109884-414D-49DA-B2C0-1E45C86A2DB4}"
EndProject
Project("{FAE04EC0-301F-11D3-BF4B-00C04F79EFBC}") = "SoloLearnTests", "..\SoloLearnTests\SoloLearnTests.csproj", "{772979CA-2289-41F4-8CD9-3802B34386DC}"
EndProject
Project("{2150E333-8FDC-42A3-9474-1A3956D46DE8}") = "Test", "Test", "{FA3C9331-B30C-499B-98AD-4A5F22436010}"
EndProject
Global
	GlobalSection(SolutionConfigurationPlatforms) = preSolution
		Debug|Any CPU = Debug|Any CPU
		Release|Any CPU = Release|Any CPU
	EndGlobalSection
	GlobalSection(ProjectConfigurationPlatforms) = postSolution
		{22109884-414D-49DA-B2C0-1E45C86A2DB4}.Debug|Any CPU.ActiveCfg = Debug|Any CPU
		{22109884-414D-49DA-B2C0-1E45C86A2DB4}.Debug|Any CPU.Build.0 = Debug|Any CPU
		{22109884-414D-49DA-B2C0-1E45C86A2DB4}.Release|Any CPU.ActiveCfg = Release|Any CPU
		{22109884-414D-49DA-B2C0-1E45C86A2DB4}.Release|Any CPU.Build.0 = Release|Any CPU
		{772979CA-2289-41F4-8CD9-3802B34386DC}.Debug|Any CPU.ActiveCfg = Debug|Any CPU
		{772979CA-2289-41F4-8CD9-3802B34386DC}.Debug|Any CPU.Build.0 = Debug|Any CPU
		{772979CA-2289-41F4-8CD9-3802B34386DC}.Release|Any CPU.ActiveCfg = Release|Any CPU
		{772979CA-2289-41F4-8CD9-3802B34386DC}.Release|Any CPU.Build.0 = Release|Any CPU
	EndGlobalSection
	GlobalSection(SolutionProperties) = preSolution
		HideSolutionNode = FALSE
	EndGlobalSection
	GlobalSection(NestedProjects) = preSolution
		{772979CA-2289-41F4-8CD9-3802B34386DC} = {FA3C9331-B30C-499B-98AD-4A5F22436010}
	EndGlobalSection
	GlobalSection(ExtensibilityGlobals) = postSolution
		SolutionGuid = {278EADE6-7D87-4F7F-A3B7-5424DF69D477}
	EndGlobalSection
EndGlobal
